
Microsoft Visual Studio Solution File, Format Version 12.00
# Visual Studio Version 17
VisualStudioVersion = 17.4.33122.133
MinimumVisualStudioVersion = 10.0.40219.1
Project("{FAE04EC0-301F-11D3-BF4B-00C04F79EFBC}") = "ChessAPI", "ChessAPI\ChessAPI.csproj", "{C811BC7E-D029-4F7A-875C-52AF233BDCD1}"
EndProject
Global
	GlobalSection(SolutionConfigurationPlatforms) = preSolution
		Debug|Any CPU = Debug|Any CPU
		Release|Any CPU = Release|Any CPU
	EndGlobalSection
	GlobalSection(ProjectConfigurationPlatforms) = postSolution
		{C811BC7E-D029-4F7A-875C-52AF233BDCD1}.Debug|Any CPU.ActiveCfg = Debug|Any CPU
		{C811BC7E-D029-4F7A-875C-52AF233BDCD1}.Debug|Any CPU.Build.0 = Debug|Any CPU
		{C811BC7E-D029-4F7A-875C-52AF233BDCD1}.Release|Any CPU.ActiveCfg = Release|Any CPU
		{C811BC7E-D029-4F7A-875C-52AF233BDCD1}.Release|Any CPU.Build.0 = Release|Any CPU
	EndGlobalSection
	GlobalSection(SolutionProperties) = preSolution
		HideSolutionNode = FALSE
	EndGlobalSection
	GlobalSection(ExtensibilityGlobals) = postSolution
		SolutionGuid = {30F5276E-425B-485D-B6E9-52B77CCE18B9}
	EndGlobalSection
EndGlobal
